
Microsoft Visual Studio Solution File, Format Version 12.00
# Visual Studio Version 16
VisualStudioVersion = 16.0.31702.278
MinimumVisualStudioVersion = 10.0.40219.1
Project("{FAE04EC0-301F-11D3-BF4B-00C04F79EFBC}") = "LabRob10", "LabRob10.csproj", "{7EE5771C-8DDC-4826-A630-952C364585A6}"
EndProject
Global
	GlobalSection(SolutionConfigurationPlatforms) = preSolution
		Debug|Any CPU = Debug|Any CPU
		Release|Any CPU = Release|Any CPU
	EndGlobalSection
	GlobalSection(ProjectConfigurationPlatforms) = postSolution
		{7EE5771C-8DDC-4826-A630-952C364585A6}.Debug|Any CPU.ActiveCfg = Debug|Any CPU
		{7EE5771C-8DDC-4826-A630-952C364585A6}.Debug|Any CPU.Build.0 = Debug|Any CPU
		{7EE5771C-8DDC-4826-A630-952C364585A6}.Release|Any CPU.ActiveCfg = Release|Any CPU
		{7EE5771C-8DDC-4826-A630-952C364585A6}.Release|Any CPU.Build.0 = Release|Any CPU
	EndGlobalSection
	GlobalSection(SolutionProperties) = preSolution
		HideSolutionNode = FALSE
	EndGlobalSection
	GlobalSection(ExtensibilityGlobals) = postSolution
		SolutionGuid = {0EB33859-4ED4-44E9-836D-DF8F8278BB9B}
	EndGlobalSection
EndGlobal
